
Microsoft Visual Studio Solution File, Format Version 12.00
# Visual Studio Version 16
VisualStudioVersion = 16.0.29728.190
MinimumVisualStudioVersion = 10.0.40219.1
Project("{FAE04EC0-301F-11D3-BF4B-00C04F79EFBC}") = "ClientServerDamageCalculatorV4", "ClientServerDamageCalculatorV4\ClientServerDamageCalculatorV4.csproj", "{2742443A-A15C-42E0-99FD-160D8823BE75}"
EndProject
Global
	GlobalSection(SolutionConfigurationPlatforms) = preSolution
		Debug|Any CPU = Debug|Any CPU
		Release|Any CPU = Release|Any CPU
	EndGlobalSection
	GlobalSection(ProjectConfigurationPlatforms) = postSolution
		{2742443A-A15C-42E0-99FD-160D8823BE75}.Debug|Any CPU.ActiveCfg = Debug|Any CPU
		{2742443A-A15C-42E0-99FD-160D8823BE75}.Debug|Any CPU.Build.0 = Debug|Any CPU
		{2742443A-A15C-42E0-99FD-160D8823BE75}.Release|Any CPU.ActiveCfg = Release|Any CPU
		{2742443A-A15C-42E0-99FD-160D8823BE75}.Release|Any CPU.Build.0 = Release|Any CPU
	EndGlobalSection
	GlobalSection(SolutionProperties) = preSolution
		HideSolutionNode = FALSE
	EndGlobalSection
	GlobalSection(ExtensibilityGlobals) = postSolution
		SolutionGuid = {EBDCC923-E7CC-492F-87B1-FBBB725D10E5}
	EndGlobalSection
EndGlobal
