
Microsoft Visual Studio Solution File, Format Version 12.00
# Visual Studio Version 16
VisualStudioVersion = 16.0.29709.97
MinimumVisualStudioVersion = 10.0.40219.1
Project("{FAE04EC0-301F-11D3-BF4B-00C04F79EFBC}") = "ClientServerDamageCalculator", "ClientServerDamageCalculator\ClientServerDamageCalculator.csproj", "{3EA823CF-EFF9-41CF-A20A-A304FA0DCA36}"
EndProject
Global
	GlobalSection(SolutionConfigurationPlatforms) = preSolution
		Debug|Any CPU = Debug|Any CPU
		Release|Any CPU = Release|Any CPU
	EndGlobalSection
	GlobalSection(ProjectConfigurationPlatforms) = postSolution
		{3EA823CF-EFF9-41CF-A20A-A304FA0DCA36}.Debug|Any CPU.ActiveCfg = Debug|Any CPU
		{3EA823CF-EFF9-41CF-A20A-A304FA0DCA36}.Debug|Any CPU.Build.0 = Debug|Any CPU
		{3EA823CF-EFF9-41CF-A20A-A304FA0DCA36}.Release|Any CPU.ActiveCfg = Release|Any CPU
		{3EA823CF-EFF9-41CF-A20A-A304FA0DCA36}.Release|Any CPU.Build.0 = Release|Any CPU
	EndGlobalSection
	GlobalSection(SolutionProperties) = preSolution
		HideSolutionNode = FALSE
	EndGlobalSection
	GlobalSection(ExtensibilityGlobals) = postSolution
		SolutionGuid = {01B5FFE1-4158-47F5-B7CB-240489ADD6A2}
	EndGlobalSection
EndGlobal
